
Microsoft Visual Studio Solution File, Format Version 12.00
# Visual Studio 15
VisualStudioVersion = 15.0.27703.2047
MinimumVisualStudioVersion = 10.0.40219.1
Project("{9A19103F-16F7-4668-BE54-9A1E7A4F7556}") = "Brad.BrewClub.Data", "src\Brad.BrewClub.Data\Brad.BrewClub.Data.csproj", "{51D5E993-8D40-4A64-8E52-CF01B8FD1CA7}"
EndProject
Project("{9A19103F-16F7-4668-BE54-9A1E7A4F7556}") = "Brad.BrewClub.Services", "src\Brad.BrewClub.Services\Brad.BrewClub.Services.csproj", "{841743C6-2C8F-4A06-938B-83DEEA0C166D}"
EndProject
Project("{9A19103F-16F7-4668-BE54-9A1E7A4F7556}") = "Brad.BrewClub.ServicesTests", "tests\Brad.BrewClub.ServicesTests\Brad.BrewClub.ServicesTests.csproj", "{D3D3459D-E091-4847-8E39-95873BB333D1}"
EndProject
Project("{2150E333-8FDC-42A3-9474-1A3956D46DE8}") = "Tests", "Tests", "{3220C238-B829-4A65-AEEE-F1142B56EC0D}"
EndProject
Global
	GlobalSection(SolutionConfigurationPlatforms) = preSolution
		Debug|Any CPU = Debug|Any CPU
		Release|Any CPU = Release|Any CPU
	EndGlobalSection
	GlobalSection(ProjectConfigurationPlatforms) = postSolution
		{51D5E993-8D40-4A64-8E52-CF01B8FD1CA7}.Debug|Any CPU.ActiveCfg = Debug|Any CPU
		{51D5E993-8D40-4A64-8E52-CF01B8FD1CA7}.Debug|Any CPU.Build.0 = Debug|Any CPU
		{51D5E993-8D40-4A64-8E52-CF01B8FD1CA7}.Release|Any CPU.ActiveCfg = Release|Any CPU
		{51D5E993-8D40-4A64-8E52-CF01B8FD1CA7}.Release|Any CPU.Build.0 = Release|Any CPU
		{841743C6-2C8F-4A06-938B-83DEEA0C166D}.Debug|Any CPU.ActiveCfg = Debug|Any CPU
		{841743C6-2C8F-4A06-938B-83DEEA0C166D}.Debug|Any CPU.Build.0 = Debug|Any CPU
		{841743C6-2C8F-4A06-938B-83DEEA0C166D}.Release|Any CPU.ActiveCfg = Release|Any CPU
		{841743C6-2C8F-4A06-938B-83DEEA0C166D}.Release|Any CPU.Build.0 = Release|Any CPU
		{D3D3459D-E091-4847-8E39-95873BB333D1}.Debug|Any CPU.ActiveCfg = Debug|Any CPU
		{D3D3459D-E091-4847-8E39-95873BB333D1}.Debug|Any CPU.Build.0 = Debug|Any CPU
		{D3D3459D-E091-4847-8E39-95873BB333D1}.Release|Any CPU.ActiveCfg = Release|Any CPU
		{D3D3459D-E091-4847-8E39-95873BB333D1}.Release|Any CPU.Build.0 = Release|Any CPU
	EndGlobalSection
	GlobalSection(SolutionProperties) = preSolution
		HideSolutionNode = FALSE
	EndGlobalSection
	GlobalSection(NestedProjects) = preSolution
		{D3D3459D-E091-4847-8E39-95873BB333D1} = {3220C238-B829-4A65-AEEE-F1142B56EC0D}
	EndGlobalSection
	GlobalSection(ExtensibilityGlobals) = postSolution
		SolutionGuid = {710F28A1-4407-4FBF-8A25-61933B784E33}
	EndGlobalSection
EndGlobal
